{
  "name": "task-frontend",
  "version": "0.0.0",
  "lockfileVersion": 1,
  "requires": true,
  "dependencies": {
    "@ng-bootstrap/ng-bootstrap": {
      "version": "1.0.1",
      "resolved": "https://registry.npmjs.org/@ng-bootstrap/ng-bootstrap/-/ng-bootstrap-1.0.1.tgz",
      "integrity": "sha1-ZdE/stoC9FC7XtwCVlmfKEHl6Rg="
    }
  }
}
